# This file is autogenerated, do not edit; changes may be undone by the next 'dep ensure'.


[[projects]]
  branch = "master"
  name = "github.com/alecthomas/template"
  packages = [
    ".",
    "parse"
  ]
  revision = "fb15b899a75114aa79cc930e33c46b577cc664b1"

[[projects]]
  branch = "master"
  name = "github.com/alecthomas/units"
  packages = ["."]
  revision = "c3de453c63f4bdb4dadffab9805ec00426c505f7"

[[projects]]
  name = "github.com/davecgh/go-spew"
  packages = ["spew"]
  revision = "8991bc29aa16c548c550c7ff78260e27b9ab7c73"
  version = "v1.1.1"

[[projects]]
  name = "github.com/dgrijalva/jwt-go"
  packages = ["."]
  revision = "06ea1031745cb8b3dab3f6a236daf2b0aa468b7e"
  version = "v3.2.0"

[[projects]]
  name = "github.com/fsnotify/fsnotify"
  packages = ["."]
  revision = "c2828203cd70a50dcccfb2761f8b1f8ceef9a8e9"
  version = "v1.4.7"

[[projects]]
  name = "github.com/go-playground/locales"
  packages = [
    ".",
    "currency"
  ]
  revision = "f63010822830b6fe52288ee52d5a1151088ce039"
  version = "v0.12.1"

[[projects]]
  name = "github.com/go-playground/universal-translator"
  packages = ["."]
  revision = "b32fa301c9fe55953584134cb6853a13c87ec0a1"
  version = "v0.16.0"

[[projects]]
  name = "github.com/go-playground/validator"
  packages = ["."]
  revision = "556b9da3c05f2a935bc086fb5a0bb55dd8112d2d"
  version = "v9.29.1"

[[projects]]
  name = "github.com/go-sql-driver/mysql"
  packages = ["."]
  revision = "72cd26f257d44c1114970e19afddcd812016007e"
  version = "v1.4.1"

[[projects]]
  name = "github.com/go-stack/stack"
  packages = ["."]
  revision = "2fee6af1a9795aafbe0253a0cfbdf668e1fb8a9a"
  version = "v1.8.0"

[[projects]]
  name = "github.com/golang/snappy"
  packages = ["."]
  revision = "2a8bb927dd31d8daada140a5d09578521ce5c36a"
  version = "v0.0.1"

[[projects]]
  name = "github.com/gorilla/mux"
  packages = ["."]
  revision = "00bdffe0f3c77e27d2cf6f5c70232a2d3e4d9c15"
  version = "v1.7.3"

[[projects]]
  name = "github.com/hashicorp/hcl"
  packages = [
    ".",
    "hcl/ast",
    "hcl/parser",
    "hcl/printer",
    "hcl/scanner",
    "hcl/strconv",
    "hcl/token",
    "json/parser",
    "json/scanner",
    "json/token"
  ]
  revision = "8cb6e5b959231cc1119e43259c4a608f9c51a241"
  version = "v1.0.0"

[[projects]]
  name = "github.com/konsorten/go-windows-terminal-sequences"
  packages = ["."]
  revision = "f55edac94c9bbba5d6182a4be46d86a2c9b5b50e"
  version = "v1.0.2"

[[projects]]
  name = "github.com/labstack/echo"
  packages = [
    ".",
    "middleware"
  ]
  revision = "38772c686c76b501f94bd6cd5b77f5842e93b559"
  version = "v3.3.10"

[[projects]]
  name = "github.com/labstack/gommon"
  packages = [
    "bytes",
    "color",
    "log",
    "random"
  ]
  revision = "4919956f6fb227b548f004da27c7c6b20fba499f"
  version = "v0.3.0"

[[projects]]
  name = "github.com/leodido/go-urn"
  packages = ["."]
  revision = "70078a794e8ea4b497ba7c19a78cd60f90ccf0f4"
  version = "v1.1.0"

[[projects]]
  name = "github.com/magiconair/properties"
  packages = ["."]
  revision = "de8848e004dd33dc07a2947b3d76f618a7fc7ef1"
  version = "v1.8.1"

[[projects]]
  name = "github.com/mattn/go-colorable"
  packages = ["."]
  revision = "8029fb3788e5a4a9c00e415f586a6d033f5d38b3"
  version = "v0.1.2"

[[projects]]
  name = "github.com/mattn/go-isatty"
  packages = ["."]
  revision = "e1f7b56ace729e4a73a29a6b4fac6cd5fcda7ab3"
  version = "v0.0.9"

[[projects]]
  name = "github.com/mitchellh/mapstructure"
  packages = ["."]
  revision = "3536a929edddb9a5b34bd6861dc4a9647cb459fe"
  version = "v1.1.2"

[[projects]]
  name = "github.com/novalagung/gubrak"
  packages = ["."]
  revision = "47ef89cffca4da3ff1138e64e4fb5bc4becc549c"
  version = "1.0.0"

[[projects]]
  name = "github.com/pelletier/go-toml"
  packages = ["."]
  revision = "728039f679cbcd4f6a54e080d2219a4c4928c546"
  version = "v1.4.0"

[[projects]]
  name = "github.com/pmezard/go-difflib"
  packages = ["difflib"]
  revision = "792786c7400a136282c1664665ae0a8db921c6c2"
  version = "v1.0.0"

[[projects]]
  name = "github.com/sirupsen/logrus"
  packages = ["."]
  revision = "839c75faf7f98a33d445d181f3018b5c3409a45e"
  version = "v1.4.2"

[[projects]]
  name = "github.com/spf13/afero"
  packages = [
    ".",
    "mem"
  ]
  revision = "588a75ec4f32903aa5e39a2619ba6a4631e28424"
  version = "v1.2.2"

[[projects]]
  name = "github.com/spf13/cast"
  packages = ["."]
  revision = "8c9545af88b134710ab1cd196795e7f2388358d7"
  version = "v1.3.0"

[[projects]]
  name = "github.com/spf13/jwalterweatherman"
  packages = ["."]
  revision = "94f6ae3ed3bceceafa716478c5fbf8d29ca601a1"
  version = "v1.1.0"

[[projects]]
  name = "github.com/spf13/pflag"
  packages = ["."]
  revision = "298182f68c66c05229eb03ac171abe6e309ee79a"
  version = "v1.0.3"

[[projects]]
  name = "github.com/spf13/viper"
  packages = ["."]
  revision = "b5bf975e5823809fb22c7644d008757f78a4259e"
  version = "v1.4.0"

[[projects]]
  name = "github.com/stretchr/testify"
  packages = ["assert"]
  revision = "221dbe5ed46703ee255b1da0dec05086f5035f62"
  version = "v1.4.0"

[[projects]]
  name = "github.com/valyala/bytebufferpool"
  packages = ["."]
  revision = "e746df99fe4a3986f4d4f79e13c1e0117ce9c2f7"
  version = "v1.0.0"

[[projects]]
  name = "github.com/valyala/fasttemplate"
  packages = ["."]
  revision = "8b5e4e491ab636663841c42ea3c5a9adebabaf36"
  version = "v1.0.1"

[[projects]]
  branch = "master"
  name = "github.com/wuriyanto48/floop"
  packages = ["."]
  revision = "426c3d65ea1776577998c747cf1f2b3fe717e20d"

[[projects]]
  branch = "master"
  name = "github.com/wuriyanto48/go-pbkdf2"
  packages = ["."]
  revision = "8414e397271bca34436dfeb7b89c76bdf6ab482d"

[[projects]]
  branch = "master"
  name = "github.com/xdg/scram"
  packages = ["."]
  revision = "7eeb5667e42c09cb51bf7b7c28aea8c56767da90"

[[projects]]
  branch = "master"
  name = "github.com/xdg/stringprep"
  packages = ["."]
  revision = "73f8eece6fdcd902c185bf651de50f3828bed5ed"

[[projects]]
  name = "go.mongodb.org/mongo-driver"
  packages = [
    "bson",
    "bson/bsoncodec",
    "bson/bsonrw",
    "bson/bsontype",
    "bson/primitive",
    "event",
    "internal",
    "mongo",
    "mongo/options",
    "mongo/readconcern",
    "mongo/readpref",
    "mongo/writeconcern",
    "tag",
    "version",
    "x/bsonx",
    "x/bsonx/bsoncore",
    "x/mongo/driver",
    "x/mongo/driver/address",
    "x/mongo/driver/auth",
    "x/mongo/driver/auth/internal/gssapi",
    "x/mongo/driver/connstring",
    "x/mongo/driver/description",
    "x/mongo/driver/dns",
    "x/mongo/driver/operation",
    "x/mongo/driver/session",
    "x/mongo/driver/topology",
    "x/mongo/driver/uuid",
    "x/mongo/driver/wiremessage"
  ]
  revision = "d42ea7239f0db8a61e77191b9f2730a922459042"
  version = "v1.1.0"

[[projects]]
  branch = "master"
  name = "golang.org/x/crypto"
  packages = [
    "acme",
    "acme/autocert",
    "pbkdf2"
  ]
  revision = "9756ffdc24725223350eb3266ffb92590d28f278"

[[projects]]
  branch = "master"
  name = "golang.org/x/net"
  packages = ["idna"]
  revision = "ba9fcec4b297b415637633c5a6e8fa592e4a16c3"

[[projects]]
  branch = "master"
  name = "golang.org/x/sync"
  packages = ["semaphore"]
  revision = "112230192c580c3556b8cee6403af37a4fc5f28c"

[[projects]]
  branch = "master"
  name = "golang.org/x/sys"
  packages = ["unix"]
  revision = "1e83adbbebd0f5dc971915fd7e5db032c3d2b731"

[[projects]]
  name = "golang.org/x/text"
  packages = [
    "collate",
    "collate/build",
    "internal/colltab",
    "internal/gen",
    "internal/language",
    "internal/language/compact",
    "internal/tag",
    "internal/triegen",
    "internal/ucd",
    "language",
    "secure/bidirule",
    "transform",
    "unicode/bidi",
    "unicode/cldr",
    "unicode/norm",
    "unicode/rangetable"
  ]
  revision = "342b2e1fbaa52c93f31447ad2c6abc048c63e475"
  version = "v0.3.2"

[[projects]]
  name = "google.golang.org/appengine"
  packages = ["cloudsql"]
  revision = "5f2a59506353b8d5ba8cbbcd9f3c1f41f1eaf079"
  version = "v1.6.2"

[[projects]]
  name = "gopkg.in/alecthomas/kingpin.v2"
  packages = ["."]
  revision = "947dcec5ba9c011838740e680966fd7087a71d0d"
  version = "v2.2.6"

[[projects]]
  name = "gopkg.in/yaml.v2"
  packages = ["."]
  revision = "51d6538a90f86fe93ac480b35f37b2be17fef232"
  version = "v2.2.2"

[solve-meta]
  analyzer-name = "dep"
  analyzer-version = 1
  inputs-digest = "2e52bdb99181ada3d80fcb5939356a53df9b243d5ba07d20711f2543bba36287"
  solver-name = "gps-cdcl"
  solver-version = 1
